
Microsoft Visual Studio Solution File, Format Version 12.00
# Visual Studio Version 17
VisualStudioVersion = 17.5.002.0
MinimumVisualStudioVersion = 10.0.40219.1
Project("{2150E333-8FDC-42A3-9474-1A3956D46DE8}") = "exos", "exos", "{1EDDCDF3-B350-45A2-94A3-59B2E1E46076}"
EndProject
Project("{9A19103F-16F7-4668-BE54-9A1E7A4F7556}") = "main", "exos\dotnet\main.csproj", "{9C15D2FB-6EB9-429C-BC4A-D49EC679D825}"
EndProject
Global
	GlobalSection(SolutionConfigurationPlatforms) = preSolution
		Debug|Any CPU = Debug|Any CPU
		Release|Any CPU = Release|Any CPU
	EndGlobalSection
	GlobalSection(ProjectConfigurationPlatforms) = postSolution
		{9C15D2FB-6EB9-429C-BC4A-D49EC679D825}.Debug|Any CPU.ActiveCfg = Debug|Any CPU
		{9C15D2FB-6EB9-429C-BC4A-D49EC679D825}.Debug|Any CPU.Build.0 = Debug|Any CPU
		{9C15D2FB-6EB9-429C-BC4A-D49EC679D825}.Release|Any CPU.ActiveCfg = Release|Any CPU
		{9C15D2FB-6EB9-429C-BC4A-D49EC679D825}.Release|Any CPU.Build.0 = Release|Any CPU
	EndGlobalSection
	GlobalSection(SolutionProperties) = preSolution
		HideSolutionNode = FALSE
	EndGlobalSection
	GlobalSection(NestedProjects) = preSolution
		{9C15D2FB-6EB9-429C-BC4A-D49EC679D825} = {1EDDCDF3-B350-45A2-94A3-59B2E1E46076}
	EndGlobalSection
	GlobalSection(ExtensibilityGlobals) = postSolution
		SolutionGuid = {98286497-09EA-46D8-905D-3D19E9358202}
	EndGlobalSection
EndGlobal
