
Microsoft Visual Studio Solution File, Format Version 12.00
# Visual Studio Version 17
VisualStudioVersion = 17.5.002.0
MinimumVisualStudioVersion = 10.0.40219.1
Project("{9A19103F-16F7-4668-BE54-9A1E7A4F7556}") = "MinimalAPI", "MinimalAPI\MinimalAPI.csproj", "{685A7506-C109-4CF2-BCE3-39846F7E0CD8}"
EndProject
Project("{9A19103F-16F7-4668-BE54-9A1E7A4F7556}") = "MinimalAPI.Test", "MinimalAPI.Test\MinimalAPI.Test.csproj", "{2C4215C6-D489-4A9B-B7F5-E5414523B1E8}"
EndProject
Global
	GlobalSection(SolutionConfigurationPlatforms) = preSolution
		Debug|Any CPU = Debug|Any CPU
		Release|Any CPU = Release|Any CPU
	EndGlobalSection
	GlobalSection(ProjectConfigurationPlatforms) = postSolution
		{685A7506-C109-4CF2-BCE3-39846F7E0CD8}.Debug|Any CPU.ActiveCfg = Debug|Any CPU
		{685A7506-C109-4CF2-BCE3-39846F7E0CD8}.Debug|Any CPU.Build.0 = Debug|Any CPU
		{685A7506-C109-4CF2-BCE3-39846F7E0CD8}.Release|Any CPU.ActiveCfg = Release|Any CPU
		{685A7506-C109-4CF2-BCE3-39846F7E0CD8}.Release|Any CPU.Build.0 = Release|Any CPU
		{2C4215C6-D489-4A9B-B7F5-E5414523B1E8}.Debug|Any CPU.ActiveCfg = Debug|Any CPU
		{2C4215C6-D489-4A9B-B7F5-E5414523B1E8}.Debug|Any CPU.Build.0 = Debug|Any CPU
		{2C4215C6-D489-4A9B-B7F5-E5414523B1E8}.Release|Any CPU.ActiveCfg = Release|Any CPU
		{2C4215C6-D489-4A9B-B7F5-E5414523B1E8}.Release|Any CPU.Build.0 = Release|Any CPU
	EndGlobalSection
	GlobalSection(SolutionProperties) = preSolution
		HideSolutionNode = FALSE
	EndGlobalSection
	GlobalSection(ExtensibilityGlobals) = postSolution
		SolutionGuid = {85B00205-E434-40BB-B4F4-F5BF1B52FA5D}
	EndGlobalSection
EndGlobal
